
Microsoft Visual Studio Solution File, Format Version 12.00
Project("{FAE04EC0-301F-11D3-BF4B-00C04F79EFBC}") = "Application", "Application\Application.csproj", "{149D2A8E-3A09-4F95-A38E-269C0F425BCB}"
EndProject
Project("{FAE04EC0-301F-11D3-BF4B-00C04F79EFBC}") = "Domain", "Domain\Domain.csproj", "{B979757A-4A8D-4C83-B231-521000A955C3}"
EndProject
Project("{FAE04EC0-301F-11D3-BF4B-00C04F79EFBC}") = "Host", "Host\Host.csproj", "{58EDDF51-DD85-4A87-92CF-BBAC50262996}"
EndProject
Project("{FAE04EC0-301F-11D3-BF4B-00C04F79EFBC}") = "Infrastructure", "Infrastructure\Infrastructure.csproj", "{76085586-8F87-4012-AFC5-69EDF057E6B6}"
EndProject
Project("{2150E333-8FDC-42A3-9474-1A3956D46DE8}") = "Integration", "Integration", "{9C2A8837-D989-47B9-A965-F5FA21047483}"
EndProject
Project("{FAE04EC0-301F-11D3-BF4B-00C04F79EFBC}") = "AuthKit.Cli", "Integration\AuthKit.Cli\AuthKit.Cli.csproj", "{0A9C0568-7FAA-4E82-9D11-B064833221F5}"
EndProject
Global
	GlobalSection(SolutionConfigurationPlatforms) = preSolution
		Debug|Any CPU = Debug|Any CPU
		Release|Any CPU = Release|Any CPU
	EndGlobalSection
	GlobalSection(ProjectConfigurationPlatforms) = postSolution
		{149D2A8E-3A09-4F95-A38E-269C0F425BCB}.Debug|Any CPU.ActiveCfg = Debug|Any CPU
		{149D2A8E-3A09-4F95-A38E-269C0F425BCB}.Debug|Any CPU.Build.0 = Debug|Any CPU
		{149D2A8E-3A09-4F95-A38E-269C0F425BCB}.Release|Any CPU.ActiveCfg = Release|Any CPU
		{149D2A8E-3A09-4F95-A38E-269C0F425BCB}.Release|Any CPU.Build.0 = Release|Any CPU
		{B979757A-4A8D-4C83-B231-521000A955C3}.Debug|Any CPU.ActiveCfg = Debug|Any CPU
		{B979757A-4A8D-4C83-B231-521000A955C3}.Debug|Any CPU.Build.0 = Debug|Any CPU
		{B979757A-4A8D-4C83-B231-521000A955C3}.Release|Any CPU.ActiveCfg = Release|Any CPU
		{B979757A-4A8D-4C83-B231-521000A955C3}.Release|Any CPU.Build.0 = Release|Any CPU
		{58EDDF51-DD85-4A87-92CF-BBAC50262996}.Debug|Any CPU.ActiveCfg = Debug|Any CPU
		{58EDDF51-DD85-4A87-92CF-BBAC50262996}.Debug|Any CPU.Build.0 = Debug|Any CPU
		{58EDDF51-DD85-4A87-92CF-BBAC50262996}.Release|Any CPU.ActiveCfg = Release|Any CPU
		{58EDDF51-DD85-4A87-92CF-BBAC50262996}.Release|Any CPU.Build.0 = Release|Any CPU
		{76085586-8F87-4012-AFC5-69EDF057E6B6}.Debug|Any CPU.ActiveCfg = Debug|Any CPU
		{76085586-8F87-4012-AFC5-69EDF057E6B6}.Debug|Any CPU.Build.0 = Debug|Any CPU
		{76085586-8F87-4012-AFC5-69EDF057E6B6}.Release|Any CPU.ActiveCfg = Release|Any CPU
		{76085586-8F87-4012-AFC5-69EDF057E6B6}.Release|Any CPU.Build.0 = Release|Any CPU
		{0A9C0568-7FAA-4E82-9D11-B064833221F5}.Debug|Any CPU.ActiveCfg = Debug|Any CPU
		{0A9C0568-7FAA-4E82-9D11-B064833221F5}.Debug|Any CPU.Build.0 = Debug|Any CPU
		{0A9C0568-7FAA-4E82-9D11-B064833221F5}.Release|Any CPU.ActiveCfg = Release|Any CPU
		{0A9C0568-7FAA-4E82-9D11-B064833221F5}.Release|Any CPU.Build.0 = Release|Any CPU
	EndGlobalSection
	GlobalSection(NestedProjects) = preSolution
		{0A9C0568-7FAA-4E82-9D11-B064833221F5} = {9C2A8837-D989-47B9-A965-F5FA21047483}
	EndGlobalSection
EndGlobal
